
Microsoft Visual Studio Solution File, Format Version 12.00
# Visual Studio 15
VisualStudioVersion = 15.0.28307.271
MinimumVisualStudioVersion = 10.0.40219.1
Project("{9A19103F-16F7-4668-BE54-9A1E7A4F7556}") = "Prakrishta.Infrastructure", "Prakrishta.Infrastructure\Prakrishta.Infrastructure.csproj", "{92AD8795-A4BE-42B5-BDAF-B0AE6F9108D1}"
EndProject
Project("{FAE04EC0-301F-11D3-BF4B-00C04F79EFBC}") = "Prakrishta.Infrastructure.Test", "Prakrishta.Infrastructure.Test\Prakrishta.Infrastructure.Test.csproj", "{A39A3171-2153-45B8-BC5C-C2404134A1DE}"
EndProject
Global
	GlobalSection(SolutionConfigurationPlatforms) = preSolution
		Debug|Any CPU = Debug|Any CPU
		Release|Any CPU = Release|Any CPU
	EndGlobalSection
	GlobalSection(ProjectConfigurationPlatforms) = postSolution
		{92AD8795-A4BE-42B5-BDAF-B0AE6F9108D1}.Debug|Any CPU.ActiveCfg = Debug|Any CPU
		{92AD8795-A4BE-42B5-BDAF-B0AE6F9108D1}.Debug|Any CPU.Build.0 = Debug|Any CPU
		{92AD8795-A4BE-42B5-BDAF-B0AE6F9108D1}.Release|Any CPU.ActiveCfg = Release|Any CPU
		{92AD8795-A4BE-42B5-BDAF-B0AE6F9108D1}.Release|Any CPU.Build.0 = Release|Any CPU		
		{A39A3171-2153-45B8-BC5C-C2404134A1DE}.Debug|Any CPU.ActiveCfg = Debug|Any CPU
		{A39A3171-2153-45B8-BC5C-C2404134A1DE}.Debug|Any CPU.Build.0 = Debug|Any CPU
		{A39A3171-2153-45B8-BC5C-C2404134A1DE}.Release|Any CPU.ActiveCfg = Release|Any CPU
		{A39A3171-2153-45B8-BC5C-C2404134A1DE}.Release|Any CPU.Build.0 = Release|Any CPU
	EndGlobalSection
	GlobalSection(SolutionProperties) = preSolution
		HideSolutionNode = FALSE
	EndGlobalSection
	GlobalSection(ExtensibilityGlobals) = postSolution
		SolutionGuid = {9348EFB4-1BE9-42F9-AA12-E0FD04346602}
	EndGlobalSection
EndGlobal
